
Microsoft Visual Studio Solution File, Format Version 12.00
# Visual Studio 14
VisualStudioVersion = 14.0.23107.0
MinimumVisualStudioVersion = 10.0.40219.1
Project("{FAE04EC0-301F-11D3-BF4B-00C04F79EFBC}") = "SimuCPU", "SimuCPU\SimuCPU.csproj", "{3DC4B861-BC58-432A-A268-44DEBE266F89}"
EndProject
Project("{FAE04EC0-301F-11D3-BF4B-00C04F79EFBC}") = "SimuCPULib", "SimuCPULib\SimuCPULib.csproj", "{514CAA5F-F0F7-4DA6-9E97-2E7053B57C5D}"
EndProject
Global
	GlobalSection(SolutionConfigurationPlatforms) = preSolution
		Debug|Any CPU = Debug|Any CPU
		Release|Any CPU = Release|Any CPU
	EndGlobalSection
	GlobalSection(ProjectConfigurationPlatforms) = postSolution
		{3DC4B861-BC58-432A-A268-44DEBE266F89}.Debug|Any CPU.ActiveCfg = Debug|Any CPU
		{3DC4B861-BC58-432A-A268-44DEBE266F89}.Debug|Any CPU.Build.0 = Debug|Any CPU
		{3DC4B861-BC58-432A-A268-44DEBE266F89}.Release|Any CPU.ActiveCfg = Release|Any CPU
		{3DC4B861-BC58-432A-A268-44DEBE266F89}.Release|Any CPU.Build.0 = Release|Any CPU
		{514CAA5F-F0F7-4DA6-9E97-2E7053B57C5D}.Debug|Any CPU.ActiveCfg = Debug|Any CPU
		{514CAA5F-F0F7-4DA6-9E97-2E7053B57C5D}.Debug|Any CPU.Build.0 = Debug|Any CPU
		{514CAA5F-F0F7-4DA6-9E97-2E7053B57C5D}.Release|Any CPU.ActiveCfg = Release|Any CPU
		{514CAA5F-F0F7-4DA6-9E97-2E7053B57C5D}.Release|Any CPU.Build.0 = Release|Any CPU
	EndGlobalSection
	GlobalSection(SolutionProperties) = preSolution
		HideSolutionNode = FALSE
	EndGlobalSection
EndGlobal
